
Microsoft Visual Studio Solution File, Format Version 12.00
Project("{FAE04EC0-301F-11D3-BF4B-00C04F79EFBC}") = "LeakChecker.DataParser", "LeakChecker.DataParser\LeakChecker.DataParser.csproj", "{E8D1FF5C-3D51-4EC7-8E09-B5F292A3BE50}"
EndProject
Project("{FAE04EC0-301F-11D3-BF4B-00C04F79EFBC}") = "LeakChecker.DataParser.Tests", "LeakChecker.DataParser.Tests\LeakChecker.DataParser.Tests.csproj", "{41F754ED-08EB-464E-A10B-AB7603540657}"
EndProject
Project("{FAE04EC0-301F-11D3-BF4B-00C04F79EFBC}") = "LeakChecker.Common", "LeakChecker.Common\LeakChecker.Common.csproj", "{89EA6AD9-69C7-4BAA-B585-B95258E8E0EF}"
EndProject
Global
	GlobalSection(SolutionConfigurationPlatforms) = preSolution
		Debug|Any CPU = Debug|Any CPU
		Release|Any CPU = Release|Any CPU
	EndGlobalSection
	GlobalSection(ProjectConfigurationPlatforms) = postSolution
		{E8D1FF5C-3D51-4EC7-8E09-B5F292A3BE50}.Debug|Any CPU.ActiveCfg = Debug|Any CPU
		{E8D1FF5C-3D51-4EC7-8E09-B5F292A3BE50}.Debug|Any CPU.Build.0 = Debug|Any CPU
		{E8D1FF5C-3D51-4EC7-8E09-B5F292A3BE50}.Release|Any CPU.ActiveCfg = Release|Any CPU
		{E8D1FF5C-3D51-4EC7-8E09-B5F292A3BE50}.Release|Any CPU.Build.0 = Release|Any CPU
		{41F754ED-08EB-464E-A10B-AB7603540657}.Debug|Any CPU.ActiveCfg = Debug|Any CPU
		{41F754ED-08EB-464E-A10B-AB7603540657}.Debug|Any CPU.Build.0 = Debug|Any CPU
		{41F754ED-08EB-464E-A10B-AB7603540657}.Release|Any CPU.ActiveCfg = Release|Any CPU
		{41F754ED-08EB-464E-A10B-AB7603540657}.Release|Any CPU.Build.0 = Release|Any CPU
		{89EA6AD9-69C7-4BAA-B585-B95258E8E0EF}.Debug|Any CPU.ActiveCfg = Debug|Any CPU
		{89EA6AD9-69C7-4BAA-B585-B95258E8E0EF}.Debug|Any CPU.Build.0 = Debug|Any CPU
		{89EA6AD9-69C7-4BAA-B585-B95258E8E0EF}.Release|Any CPU.ActiveCfg = Release|Any CPU
		{89EA6AD9-69C7-4BAA-B585-B95258E8E0EF}.Release|Any CPU.Build.0 = Release|Any CPU
	EndGlobalSection
EndGlobal
